Microsoft Visual Studio Solution File, Format Version 12.00
# Visual Studio 2012
Project("{FAE04EC0-301F-11D3-BF4B-00C04F79EFBC}") = "SR-ATS", "SR-ATS.csproj", "{DBB0F2C4-EBAC-4B1D-999A-9AE8E89385AC}"
EndProject
Global
	GlobalSection(SolutionConfigurationPlatforms) = preSolution
	Debug|Any CPU = Debug|Any CPU
	ExportDebug|Any CPU = ExportDebug|Any CPU
	ExportRelease|Any CPU = ExportRelease|Any CPU
	EndGlobalSection
	GlobalSection(ProjectConfigurationPlatforms) = postSolution
		{DBB0F2C4-EBAC-4B1D-999A-9AE8E89385AC}.Debug|Any CPU.ActiveCfg = Debug|Any CPU
		{DBB0F2C4-EBAC-4B1D-999A-9AE8E89385AC}.Debug|Any CPU.Build.0 = Debug|Any CPU
		{DBB0F2C4-EBAC-4B1D-999A-9AE8E89385AC}.ExportDebug|Any CPU.ActiveCfg = ExportDebug|Any CPU
		{DBB0F2C4-EBAC-4B1D-999A-9AE8E89385AC}.ExportDebug|Any CPU.Build.0 = ExportDebug|Any CPU
		{DBB0F2C4-EBAC-4B1D-999A-9AE8E89385AC}.ExportRelease|Any CPU.ActiveCfg = ExportRelease|Any CPU
		{DBB0F2C4-EBAC-4B1D-999A-9AE8E89385AC}.ExportRelease|Any CPU.Build.0 = ExportRelease|Any CPU
	EndGlobalSection
EndGlobal
